// !$*UTF8*$!
{
	archiveVersion = 1;
	classes = {
	};
	objectVersion = 50;
	objects = {

/* Begin PBXBuildFile section */
		AB306C492662562E0030428A /* AppDelegate.swift in Sources */ = {isa = PBXBuildFile; fileRef = AB306C482662562E0030428A /* AppDelegate.swift */; };
		AB306C4B2662562E0030428A /* SceneDelegate.swift in Sources */ = {isa = PBXBuildFile; fileRef = AB306C4A2662562E0030428A /* SceneDelegate.swift */; };
		AB306C4D2662562E0030428A /* TopRedditsViewController.swift in Sources */ = {isa = PBXBuildFile; fileRef = AB306C4C2662562E0030428A /* TopRedditsViewController.swift */; };
		AB306C522662562F0030428A /* Assets.xcassets in Resources */ = {isa = PBXBuildFile; fileRef = AB306C512662562F0030428A /* Assets.xcassets */; };
		AB306C552662562F0030428A /* LaunchScreen.storyboard in Resources */ = {isa = PBXBuildFile; fileRef = AB306C532662562F0030428A /* LaunchScreen.storyboard */; };
		AB306C60266256300030428A /* TopRedditsTests.swift in Sources */ = {isa = PBXBuildFile; fileRef = AB306C5F266256300030428A /* TopRedditsTests.swift */; };
		AB42AF9C2662685A00914191 /* TopRedditsViewModel.swift in Sources */ = {isa = PBXBuildFile; fileRef = AB42AF9B2662685A00914191 /* TopRedditsViewModel.swift */; };
		AB42AFA42662686900914191 /* TopRedditsView.swift in Sources */ = {isa = PBXBuildFile; fileRef = AB42AFA32662686900914191 /* TopRedditsView.swift */; };
		AB42AFAA2662689A00914191 /* BaseView.swift in Sources */ = {isa = PBXBuildFile; fileRef = AB42AFA92662689A00914191 /* BaseView.swift */; };
		AB42AFB92662697D00914191 /* TopRedditsTableViewCell.swift in Sources */ = {isa = PBXBuildFile; fileRef = AB42AFB82662697D00914191 /* TopRedditsTableViewCell.swift */; };
		AB42AFC1266269A800914191 /* ThumbnailLoaderImageView.swift in Sources */ = {isa = PBXBuildFile; fileRef = AB42AFC0266269A800914191 /* ThumbnailLoaderImageView.swift */; };
		AB58F9D7266279D9003F2D1C /* Coordinator.swift in Sources */ = {isa = PBXBuildFile; fileRef = AB58F9D6266279D9003F2D1C /* Coordinator.swift */; };
		AB58F9DF26627A02003F2D1C /* AppCoordinator.swift in Sources */ = {isa = PBXBuildFile; fileRef = AB58F9DE26627A02003F2D1C /* AppCoordinator.swift */; };
		AB58F9F02662A317003F2D1C /* TopRedditsModels.swift in Sources */ = {isa = PBXBuildFile; fileRef = AB58F9EF2662A317003F2D1C /* TopRedditsModels.swift */; };
		AB58F9F52662A390003F2D1C /* TopRedditsWorker.swift in Sources */ = {isa = PBXBuildFile; fileRef = AB58F9F42662A390003F2D1C /* TopRedditsWorker.swift */; };
		AB58F9FB2662A3B4003F2D1C /* Endpoint.swift in Sources */ = {isa = PBXBuildFile; fileRef = AB58F9FA2662A3B4003F2D1C /* Endpoint.swift */; };
		AB58FA002662A3C6003F2D1C /* HTTPStatusCode.swift in Sources */ = {isa = PBXBuildFile; fileRef = AB58F9FF2662A3C6003F2D1C /* HTTPStatusCode.swift */; };
		AB58FA052662A3DF003F2D1C /* Service.swift in Sources */ = {isa = PBXBuildFile; fileRef = AB58FA042662A3DF003F2D1C /* Service.swift */; };
		AB58FA272662CEB6003F2D1C /* TableViewDataSource.swift in Sources */ = {isa = PBXBuildFile; fileRef = AB58FA262662CEB6003F2D1C /* TableViewDataSource.swift */; };
		AB58FA2C2662CFAE003F2D1C /* TopRedditsCellViewModel.swift in Sources */ = {isa = PBXBuildFile; fileRef = AB58FA2B2662CFAE003F2D1C /* TopRedditsCellViewModel.swift */; };
		AB58FA5126631122003F2D1C /* Int+Extension.swift in Sources */ = {isa = PBXBuildFile; fileRef = AB58FA5026631122003F2D1C /* Int+Extension.swift */; };
		AB58FA592663114B003F2D1C /* Constants.swift in Sources */ = {isa = PBXBuildFile; fileRef = AB58FA582663114B003F2D1C /* Constants.swift */; };
		AB58FA61266313B9003F2D1C /* URL+Extension.swift in Sources */ = {isa = PBXBuildFile; fileRef = AB58FA60266313B9003F2D1C /* URL+Extension.swift */; };
/* End PBXBuildFile section */

/* Begin PBXContainerItemProxy section */
		AB306C5C266256300030428A /* PBXContainerItemProxy */ = {
			isa = PBXContainerItemProxy;
			containerPortal = AB306C3D2662562D0030428A /* Project object */;
			proxyType = 1;
			remoteGlobalIDString = AB306C442662562D0030428A;
			remoteInfo = TopReddits;
		};
		AB306C67266256300030428A /* PBXContainerItemProxy */ = {
			isa = PBXContainerItemProxy;
			containerPortal = AB306C3D2662562D0030428A /* Project object */;
			proxyType = 1;
			remoteGlobalIDString = AB306C442662562D0030428A;
			remoteInfo = TopReddits;
		};
/* End PBXContainerItemProxy section */

/* Begin PBXFileReference section */
		AB306C452662562E0030428A /* TopReddits.app */ = {isa = PBXFileReference; explicitFileType = wrapper.application; includeInIndex = 0; path = TopReddits.app; sourceTree = BUILT_PRODUCTS_DIR; };
		AB306C482662562E0030428A /* AppDelegate.swift */ = {isa = PBXFileReference; lastKnownFileType = sourcecode.swift; path = AppDelegate.swift; sourceTree = "<group>"; };
		AB306C4A2662562E0030428A /* SceneDelegate.swift */ = {isa = PBXFileReference; lastKnownFileType = sourcecode.swift; path = SceneDelegate.swift; sourceTree = "<group>"; };
		AB306C4C2662562E0030428A /* TopRedditsViewController.swift */ = {isa = PBXFileReference; lastKnownFileType = sourcecode.swift; path = TopRedditsViewController.swift; sourceTree = "<group>"; };
		AB306C512662562F0030428A /* Assets.xcassets */ = {isa = PBXFileReference; lastKnownFileType = folder.assetcatalog; path = Assets.xcassets; sourceTree = "<group>"; };
		AB306C542662562F0030428A /* Base */ = {isa = PBXFileReference; lastKnownFileType = file.storyboard; name = Base; path = Base.lproj/LaunchScreen.storyboard; sourceTree = "<group>"; };
		AB306C562662562F0030428A /* Info.plist */ = {isa = PBXFileReference; lastKnownFileType = text.plist.xml; path = Info.plist; sourceTree = "<group>"; };
		AB306C5B266256300030428A /* TopRedditsTests.xctest */ = {isa = PBXFileReference; explicitFileType = wrapper.cfbundle; includeInIndex = 0; path = TopRedditsTests.xctest; sourceTree = BUILT_PRODUCTS_DIR; };
		AB306C5F266256300030428A /* TopRedditsTests.swift */ = {isa = PBXFileReference; lastKnownFileType = sourcecode.swift; path = TopRedditsTests.swift; sourceTree = "<group>"; };
		AB306C61266256300030428A /* Info.plist */ = {isa = PBXFileReference; lastKnownFileType = text.plist.xml; path = Info.plist; sourceTree = "<group>"; };
		AB306C66266256300030428A /* TopRedditsUITests.xctest */ = {isa = PBXFileReference; explicitFileType = wrapper.cfbundle; includeInIndex = 0; path = TopRedditsUITests.xctest; sourceTree = BUILT_PRODUCTS_DIR; };
		AB42AF9B2662685A00914191 /* TopRedditsViewModel.swift */ = {isa = PBXFileReference; lastKnownFileType = sourcecode.swift; path = TopRedditsViewModel.swift; sourceTree = "<group>"; };
		AB42AFA32662686900914191 /* TopRedditsView.swift */ = {isa = PBXFileReference; lastKnownFileType = sourcecode.swift; path = TopRedditsView.swift; sourceTree = "<group>"; };
		AB42AFA92662689A00914191 /* BaseView.swift */ = {isa = PBXFileReference; lastKnownFileType = sourcecode.swift; path = BaseView.swift; sourceTree = "<group>"; };
		AB42AFB82662697D00914191 /* TopRedditsTableViewCell.swift */ = {isa = PBXFileReference; lastKnownFileType = sourcecode.swift; path = TopRedditsTableViewCell.swift; sourceTree = "<group>"; };
		AB42AFC0266269A800914191 /* ThumbnailLoaderImageView.swift */ = {isa = PBXFileReference; lastKnownFileType = sourcecode.swift; path = ThumbnailLoaderImageView.swift; sourceTree = "<group>"; };
		AB58F9D6266279D9003F2D1C /* Coordinator.swift */ = {isa = PBXFileReference; lastKnownFileType = sourcecode.swift; path = Coordinator.swift; sourceTree = "<group>"; };
		AB58F9DE26627A02003F2D1C /* AppCoordinator.swift */ = {isa = PBXFileReference; lastKnownFileType = sourcecode.swift; path = AppCoordinator.swift; sourceTree = "<group>"; };
		AB58F9EF2662A317003F2D1C /* TopRedditsModels.swift */ = {isa = PBXFileReference; lastKnownFileType = sourcecode.swift; path = TopRedditsModels.swift; sourceTree = "<group>"; };
		AB58F9F42662A390003F2D1C /* TopRedditsWorker.swift */ = {isa = PBXFileReference; lastKnownFileType = sourcecode.swift; path = TopRedditsWorker.swift; sourceTree = "<group>"; };
		AB58F9FA2662A3B4003F2D1C /* Endpoint.swift */ = {isa = PBXFileReference; lastKnownFileType = sourcecode.swift; path = Endpoint.swift; sourceTree = "<group>"; };
		AB58F9FF2662A3C6003F2D1C /* HTTPStatusCode.swift */ = {isa = PBXFileReference; lastKnownFileType = sourcecode.swift; path = HTTPStatusCode.swift; sourceTree = "<group>"; };
		AB58FA042662A3DF003F2D1C /* Service.swift */ = {isa = PBXFileReference; lastKnownFileType = sourcecode.swift; path = Service.swift; sourceTree = "<group>"; };
		AB58FA262662CEB6003F2D1C /* TableViewDataSource.swift */ = {isa = PBXFileReference; lastKnownFileType = sourcecode.swift; path = TableViewDataSource.swift; sourceTree = "<group>"; };
		AB58FA2B2662CFAE003F2D1C /* TopRedditsCellViewModel.swift */ = {isa = PBXFileReference; lastKnownFileType = sourcecode.swift; path = TopRedditsCellViewModel.swift; sourceTree = "<group>"; };
		AB58FA5026631122003F2D1C /* Int+Extension.swift */ = {isa = PBXFileReference; lastKnownFileType = sourcecode.swift; path = "Int+Extension.swift"; sourceTree = "<group>"; };
		AB58FA582663114B003F2D1C /* Constants.swift */ = {isa = PBXFileReference; lastKnownFileType = sourcecode.swift; path = Constants.swift; sourceTree = "<group>"; };
		AB58FA60266313B9003F2D1C /* URL+Extension.swift */ = {isa = PBXFileReference; lastKnownFileType = sourcecode.swift; path = "URL+Extension.swift"; sourceTree = "<group>"; };
/* End PBXFileReference section */

/* Begin PBXFrameworksBuildPhase section */
		AB306C422662562D0030428A /* Frameworks */ = {
			isa = PBXFrameworksBuildPhase;
			buildActionMask = 2147483647;
			files = (
			);
			runOnlyForDeploymentPostprocessing = 0;
		};
		AB306C58266256300030428A /* Frameworks */ = {
			isa = PBXFrameworksBuildPhase;
			buildActionMask = 2147483647;
			files = (
			);
			runOnlyForDeploymentPostprocessing = 0;
		};
		AB306C63266256300030428A /* Frameworks */ = {
			isa = PBXFrameworksBuildPhase;
			buildActionMask = 2147483647;
			files = (
			);
			runOnlyForDeploymentPostprocessing = 0;
		};
/* End PBXFrameworksBuildPhase section */

/* Begin PBXGroup section */
		AB306C3C2662562D0030428A = {
			isa = PBXGroup;
			children = (
				AB306C472662562E0030428A /* TopReddits */,
				AB306C5E266256300030428A /* TopRedditsTests */,
				AB306C462662562E0030428A /* Products */,
			);
			sourceTree = "<group>";
		};
		AB306C462662562E0030428A /* Products */ = {
			isa = PBXGroup;
			children = (
				AB306C452662562E0030428A /* TopReddits.app */,
				AB306C5B266256300030428A /* TopRedditsTests.xctest */,
				AB306C66266256300030428A /* TopRedditsUITests.xctest */,
			);
			name = Products;
			sourceTree = "<group>";
		};
		AB306C472662562E0030428A /* TopReddits */ = {
			isa = PBXGroup;
			children = (
				AB42AF9A2662680E00914191 /* List */,
				AB58FA42266308B9003F2D1C /* Navigation */,
				AB58F9F92662A3AB003F2D1C /* Networking */,
				AB42AFA82662688900914191 /* Utilities */,
				AB58FA41266308A5003F2D1C /* SupportingFiles */,
			);
			path = TopReddits;
			sourceTree = "<group>";
		};
		AB306C5E266256300030428A /* TopRedditsTests */ = {
			isa = PBXGroup;
			children = (
				AB306C5F266256300030428A /* TopRedditsTests.swift */,
				AB306C61266256300030428A /* Info.plist */,
			);
			path = TopRedditsTests;
			sourceTree = "<group>";
		};
		AB42AF9A2662680E00914191 /* List */ = {
			isa = PBXGroup;
			children = (
				AB58F9EF2662A317003F2D1C /* TopRedditsModels.swift */,
				AB42AFA32662686900914191 /* TopRedditsView.swift */,
				AB306C4C2662562E0030428A /* TopRedditsViewController.swift */,
				AB42AF9B2662685A00914191 /* TopRedditsViewModel.swift */,
				AB58F9F42662A390003F2D1C /* TopRedditsWorker.swift */,
				AB42AFB72662696C00914191 /* Cell */,
			);
			path = List;
			sourceTree = "<group>";
		};
		AB42AFA82662688900914191 /* Utilities */ = {
			isa = PBXGroup;
			children = (
				AB42AFA92662689A00914191 /* BaseView.swift */,
				AB58FA582663114B003F2D1C /* Constants.swift */,
				AB58FA262662CEB6003F2D1C /* TableViewDataSource.swift */,
				AB42AFC0266269A800914191 /* ThumbnailLoaderImageView.swift */,
				AB58FA4F26631119003F2D1C /* Extensions */,
				AB58F9D5266279C9003F2D1C /* Protocols */,
			);
			path = Utilities;
			sourceTree = "<group>";
		};
		AB42AFB72662696C00914191 /* Cell */ = {
			isa = PBXGroup;
			children = (
				AB42AFB82662697D00914191 /* TopRedditsTableViewCell.swift */,
				AB58FA2B2662CFAE003F2D1C /* TopRedditsCellViewModel.swift */,
			);
			path = Cell;
			sourceTree = "<group>";
		};
		AB58F9D5266279C9003F2D1C /* Protocols */ = {
			isa = PBXGroup;
			children = (
				AB58F9D6266279D9003F2D1C /* Coordinator.swift */,
			);
			path = Protocols;
			sourceTree = "<group>";
		};
		AB58F9F92662A3AB003F2D1C /* Networking */ = {
			isa = PBXGroup;
			children = (
				AB58F9FA2662A3B4003F2D1C /* Endpoint.swift */,
				AB58F9FF2662A3C6003F2D1C /* HTTPStatusCode.swift */,
				AB58FA042662A3DF003F2D1C /* Service.swift */,
			);
			path = Networking;
			sourceTree = "<group>";
		};
		AB58FA41266308A5003F2D1C /* SupportingFiles */ = {
			isa = PBXGroup;
			children = (
				AB306C562662562F0030428A /* Info.plist */,
				AB306C512662562F0030428A /* Assets.xcassets */,
				AB306C532662562F0030428A /* LaunchScreen.storyboard */,
			);
			path = SupportingFiles;
			sourceTree = "<group>";
		};
		AB58FA42266308B9003F2D1C /* Navigation */ = {
			isa = PBXGroup;
			children = (
				AB58F9DE26627A02003F2D1C /* AppCoordinator.swift */,
				AB306C482662562E0030428A /* AppDelegate.swift */,
				AB306C4A2662562E0030428A /* SceneDelegate.swift */,
			);
			path = Navigation;
			sourceTree = "<group>";
		};
		AB58FA4F26631119003F2D1C /* Extensions */ = {
			isa = PBXGroup;
			children = (
				AB58FA5026631122003F2D1C /* Int+Extension.swift */,
				AB58FA60266313B9003F2D1C /* URL+Extension.swift */,
			);
			path = Extensions;
			sourceTree = "<group>";
		};
/* End PBXGroup section */

/* Begin PBXNativeTarget section */
		AB306C442662562D0030428A /* TopReddits */ = {
			isa = PBXNativeTarget;
			buildConfigurationList = AB306C6F266256300030428A /* Build configuration list for PBXNativeTarget "TopReddits" */;
			buildPhases = (
				AB306C412662562D0030428A /* Sources */,
				AB306C422662562D0030428A /* Frameworks */,
				AB306C432662562D0030428A /* Resources */,
			);
			buildRules = (
			);
			dependencies = (
			);
			name = TopReddits;
			productName = TopReddits;
			productReference = AB306C452662562E0030428A /* TopReddits.app */;
			productType = "com.apple.product-type.application";
		};
		AB306C5A266256300030428A /* TopRedditsTests */ = {
			isa = PBXNativeTarget;
			buildConfigurationList = AB306C72266256300030428A /* Build configuration list for PBXNativeTarget "TopRedditsTests" */;
			buildPhases = (
				AB306C57266256300030428A /* Sources */,
				AB306C58266256300030428A /* Frameworks */,
				AB306C59266256300030428A /* Resources */,
			);
			buildRules = (
			);
			dependencies = (
				AB306C5D266256300030428A /* PBXTargetDependency */,
			);
			name = TopRedditsTests;
			productName = TopRedditsTests;
			productReference = AB306C5B266256300030428A /* TopRedditsTests.xctest */;
			productType = "com.apple.product-type.bundle.unit-test";
		};
		AB306C65266256300030428A /* TopRedditsUITests */ = {
			isa = PBXNativeTarget;
			buildConfigurationList = AB306C75266256300030428A /* Build configuration list for PBXNativeTarget "TopRedditsUITests" */;
			buildPhases = (
				AB306C62266256300030428A /* Sources */,
				AB306C63266256300030428A /* Frameworks */,
				AB306C64266256300030428A /* Resources */,
			);
			buildRules = (
			);
			dependencies = (
				AB306C68266256300030428A /* PBXTargetDependency */,
			);
			name = TopRedditsUITests;
			productName = TopRedditsUITests;
			productReference = AB306C66266256300030428A /* TopRedditsUITests.xctest */;
			productType = "com.apple.product-type.bundle.ui-testing";
		};
/* End PBXNativeTarget section */

/* Begin PBXProject section */
		AB306C3D2662562D0030428A /* Project object */ = {
			isa = PBXProject;
			attributes = {
				LastSwiftUpdateCheck = 1220;
				LastUpgradeCheck = 1220;
				TargetAttributes = {
					AB306C442662562D0030428A = {
						CreatedOnToolsVersion = 12.2;
					};
					AB306C5A266256300030428A = {
						CreatedOnToolsVersion = 12.2;
						TestTargetID = AB306C442662562D0030428A;
					};
					AB306C65266256300030428A = {
						CreatedOnToolsVersion = 12.2;
						TestTargetID = AB306C442662562D0030428A;
					};
				};
			};
			buildConfigurationList = AB306C402662562D0030428A /* Build configuration list for PBXProject "TopReddits" */;
			compatibilityVersion = "Xcode 9.3";
			developmentRegion = en;
			hasScannedForEncodings = 0;
			knownRegions = (
				en,
				Base,
			);
			mainGroup = AB306C3C2662562D0030428A;
			productRefGroup = AB306C462662562E0030428A /* Products */;
			projectDirPath = "";
			projectRoot = "";
			targets = (
				AB306C442662562D0030428A /* TopReddits */,
				AB306C5A266256300030428A /* TopRedditsTests */,
				AB306C65266256300030428A /* TopRedditsUITests */,
			);
		};
/* End PBXProject section */

/* Begin PBXResourcesBuildPhase section */
		AB306C432662562D0030428A /* Resources */ = {
			isa = PBXResourcesBuildPhase;
			buildActionMask = 2147483647;
			files = (
				AB306C552662562F0030428A /* LaunchScreen.storyboard in Resources */,
				AB306C522662562F0030428A /* Assets.xcassets in Resources */,
			);
			runOnlyForDeploymentPostprocessing = 0;
		};
		AB306C59266256300030428A /* Resources */ = {
			isa = PBXResourcesBuildPhase;
			buildActionMask = 2147483647;
			files = (
			);
			runOnlyForDeploymentPostprocessing = 0;
		};
		AB306C64266256300030428A /* Resources */ = {
			isa = PBXResourcesBuildPhase;
			buildActionMask = 2147483647;
			files = (
			);
			runOnlyForDeploymentPostprocessing = 0;
		};
/* End PBXResourcesBuildPhase section */

/* Begin PBXSourcesBuildPhase section */
		AB306C412662562D0030428A /* Sources */ = {
			isa = PBXSourcesBuildPhase;
			buildActionMask = 2147483647;
			files = (
				AB306C4D2662562E0030428A /* TopRedditsViewController.swift in Sources */,
				AB58FA592663114B003F2D1C /* Constants.swift in Sources */,
				AB58F9F52662A390003F2D1C /* TopRedditsWorker.swift in Sources */,
				AB58FA272662CEB6003F2D1C /* TableViewDataSource.swift in Sources */,
				AB58FA5126631122003F2D1C /* Int+Extension.swift in Sources */,
				AB58FA2C2662CFAE003F2D1C /* TopRedditsCellViewModel.swift in Sources */,
				AB58FA052662A3DF003F2D1C /* Service.swift in Sources */,
				AB42AFA42662686900914191 /* TopRedditsView.swift in Sources */,
				AB58F9FB2662A3B4003F2D1C /* Endpoint.swift in Sources */,
				AB58F9DF26627A02003F2D1C /* AppCoordinator.swift in Sources */,
				AB42AFC1266269A800914191 /* ThumbnailLoaderImageView.swift in Sources */,
				AB58FA002662A3C6003F2D1C /* HTTPStatusCode.swift in Sources */,
				AB306C492662562E0030428A /* AppDelegate.swift in Sources */,
				AB58FA61266313B9003F2D1C /* URL+Extension.swift in Sources */,
				AB42AFB92662697D00914191 /* TopRedditsTableViewCell.swift in Sources */,
				AB42AFAA2662689A00914191 /* BaseView.swift in Sources */,
				AB42AF9C2662685A00914191 /* TopRedditsViewModel.swift in Sources */,
				AB306C4B2662562E0030428A /* SceneDelegate.swift in Sources */,
				AB58F9D7266279D9003F2D1C /* Coordinator.swift in Sources */,
				AB58F9F02662A317003F2D1C /* TopRedditsModels.swift in Sources */,
			);
			runOnlyForDeploymentPostprocessing = 0;
		};
		AB306C57266256300030428A /* Sources */ = {
			isa = PBXSourcesBuildPhase;
			buildActionMask = 2147483647;
			files = (
				AB306C60266256300030428A /* TopRedditsTests.swift in Sources */,
			);
			runOnlyForDeploymentPostprocessing = 0;
		};
		AB306C62266256300030428A /* Sources */ = {
			isa = PBXSourcesBuildPhase;
			buildActionMask = 2147483647;
			files = (
			);
			runOnlyForDeploymentPostprocessing = 0;
		};
/* End PBXSourcesBuildPhase section */

/* Begin PBXTargetDependency section */
		AB306C5D266256300030428A /* PBXTargetDependency */ = {
			isa = PBXTargetDependency;
			target = AB306C442662562D0030428A /* TopReddits */;
			targetProxy = AB306C5C266256300030428A /* PBXContainerItemProxy */;
		};
		AB306C68266256300030428A /* PBXTargetDependency */ = {
			isa = PBXTargetDependency;
			target = AB306C442662562D0030428A /* TopReddits */;
			targetProxy = AB306C67266256300030428A /* PBXContainerItemProxy */;
		};
/* End PBXTargetDependency section */

/* Begin PBXVariantGroup section */
		AB306C532662562F0030428A /* LaunchScreen.storyboard */ = {
			isa = PBXVariantGroup;
			children = (
				AB306C542662562F0030428A /* Base */,
			);
			name = LaunchScreen.storyboard;
			sourceTree = "<group>";
		};
/* End PBXVariantGroup section */

/* Begin XCBuildConfiguration section */
		AB306C6D266256300030428A /* Debug */ = {
			isa = XCBuildConfiguration;
			buildSettings = {
				ALWAYS_SEARCH_USER_PATHS = NO;
				CLANG_ANALYZER_NONNULL = YES;
				CLANG_ANALYZER_NUMBER_OBJECT_CONVERSION = YES_AGGRESSIVE;
				CLANG_CXX_LANGUAGE_STANDARD = "gnu++14";
				CLANG_CXX_LIBRARY = "libc++";
				CLANG_ENABLE_MODULES = YES;
				CLANG_ENABLE_OBJC_ARC = YES;
				CLANG_ENABLE_OBJC_WEAK = YES;
				CLANG_WARN_BLOCK_CAPTURE_AUTORELEASING = YES;
				CLANG_WARN_BOOL_CONVERSION = YES;
				CLANG_WARN_COMMA = YES;
				CLANG_WARN_CONSTANT_CONVERSION = YES;
				CLANG_WARN_DEPRECATED_OBJC_IMPLEMENTATIONS = YES;
				CLANG_WARN_DIRECT_OBJC_ISA_USAGE = YES_ERROR;
				CLANG_WARN_DOCUMENTATION_COMMENTS = YES;
				CLANG_WARN_EMPTY_BODY = YES;
				CLANG_WARN_ENUM_CONVERSION = YES;
				CLANG_WARN_INFINITE_RECURSION = YES;
				CLANG_WARN_INT_CONVERSION = YES;
				CLANG_WARN_NON_LITERAL_NULL_CONVERSION = YES;
				CLANG_WARN_OBJC_IMPLICIT_RETAIN_SELF = YES;
				CLANG_WARN_OBJC_LITERAL_CONVERSION = YES;
				CLANG_WARN_OBJC_ROOT_CLASS = YES_ERROR;
				CLANG_WARN_QUOTED_INCLUDE_IN_FRAMEWORK_HEADER = YES;
				CLANG_WARN_RANGE_LOOP_ANALYSIS = YES;
				CLANG_WARN_STRICT_PROTOTYPES = YES;
				CLANG_WARN_SUSPICIOUS_MOVE = YES;
				CLANG_WARN_UNGUARDED_AVAILABILITY = YES_AGGRESSIVE;
				CLANG_WARN_UNREACHABLE_CODE = YES;
				CLANG_WARN__DUPLICATE_METHOD_MATCH = YES;
				COPY_PHASE_STRIP = NO;
				DEBUG_INFORMATION_FORMAT = dwarf;
				ENABLE_STRICT_OBJC_MSGSEND = YES;
				ENABLE_TESTABILITY = YES;
				GCC_C_LANGUAGE_STANDARD = gnu11;
				GCC_DYNAMIC_NO_PIC = NO;
				GCC_NO_COMMON_BLOCKS = YES;
				GCC_OPTIMIZATION_LEVEL = 0;
				GCC_PREPROCESSOR_DEFINITIONS = (
					"DEBUG=1",
					"$(inherited)",
				);
				GCC_WARN_64_TO_32_BIT_CONVERSION = YES;
				GCC_WARN_ABOUT_RETURN_TYPE = YES_ERROR;
				GCC_WARN_UNDECLARED_SELECTOR = YES;
				GCC_WARN_UNINITIALIZED_AUTOS = YES_AGGRESSIVE;
				GCC_WARN_UNUSED_FUNCTION = YES;
				GCC_WARN_UNUSED_VARIABLE = YES;
				IPHONEOS_DEPLOYMENT_TARGET = 14.2;
				MTL_ENABLE_DEBUG_INFO = INCLUDE_SOURCE;
				MTL_FAST_MATH = YES;
				ONLY_ACTIVE_ARCH = YES;
				SDKROOT = iphoneos;
				SWIFT_ACTIVE_COMPILATION_CONDITIONS = DEBUG;
				SWIFT_OPTIMIZATION_LEVEL = "-Onone";
			};
			name = Debug;
		};
		AB306C6E266256300030428A /* Release */ = {
			isa = XCBuildConfiguration;
			buildSettings = {
				ALWAYS_SEARCH_USER_PATHS = NO;
				CLANG_ANALYZER_NONNULL = YES;
				CLANG_ANALYZER_NUMBER_OBJECT_CONVERSION = YES_AGGRESSIVE;
				CLANG_CXX_LANGUAGE_STANDARD = "gnu++14";
				CLANG_CXX_LIBRARY = "libc++";
				CLANG_ENABLE_MODULES = YES;
				CLANG_ENABLE_OBJC_ARC = YES;
				CLANG_ENABLE_OBJC_WEAK = YES;
				CLANG_WARN_BLOCK_CAPTURE_AUTORELEASING = YES;
				CLANG_WARN_BOOL_CONVERSION = YES;
				CLANG_WARN_COMMA = YES;
				CLANG_WARN_CONSTANT_CONVERSION = YES;
				CLANG_WARN_DEPRECATED_OBJC_IMPLEMENTATIONS = YES;
				CLANG_WARN_DIRECT_OBJC_ISA_USAGE = YES_ERROR;
				CLANG_WARN_DOCUMENTATION_COMMENTS = YES;
				CLANG_WARN_EMPTY_BODY = YES;
				CLANG_WARN_ENUM_CONVERSION = YES;
				CLANG_WARN_INFINITE_RECURSION = YES;
				CLANG_WARN_INT_CONVERSION = YES;
				CLANG_WARN_NON_LITERAL_NULL_CONVERSION = YES;
				CLANG_WARN_OBJC_IMPLICIT_RETAIN_SELF = YES;
				CLANG_WARN_OBJC_LITERAL_CONVERSION = YES;
				CLANG_WARN_OBJC_ROOT_CLASS = YES_ERROR;
				CLANG_WARN_QUOTED_INCLUDE_IN_FRAMEWORK_HEADER = YES;
				CLANG_WARN_RANGE_LOOP_ANALYSIS = YES;
				CLANG_WARN_STRICT_PROTOTYPES = YES;
				CLANG_WARN_SUSPICIOUS_MOVE = YES;
				CLANG_WARN_UNGUARDED_AVAILABILITY = YES_AGGRESSIVE;
				CLANG_WARN_UNREACHABLE_CODE = YES;
				CLANG_WARN__DUPLICATE_METHOD_MATCH = YES;
				COPY_PHASE_STRIP = NO;
				DEBUG_INFORMATION_FORMAT = "dwarf-with-dsym";
				ENABLE_NS_ASSERTIONS = NO;
				ENABLE_STRICT_OBJC_MSGSEND = YES;
				GCC_C_LANGUAGE_STANDARD = gnu11;
				GCC_NO_COMMON_BLOCKS = YES;
				GCC_WARN_64_TO_32_BIT_CONVERSION = YES;
				GCC_WARN_ABOUT_RETURN_TYPE = YES_ERROR;
				GCC_WARN_UNDECLARED_SELECTOR = YES;
				GCC_WARN_UNINITIALIZED_AUTOS = YES_AGGRESSIVE;
				GCC_WARN_UNUSED_FUNCTION = YES;
				GCC_WARN_UNUSED_VARIABLE = YES;
				IPHONEOS_DEPLOYMENT_TARGET = 14.2;
				MTL_ENABLE_DEBUG_INFO = NO;
				MTL_FAST_MATH = YES;
				SDKROOT = iphoneos;
				SWIFT_COMPILATION_MODE = wholemodule;
				SWIFT_OPTIMIZATION_LEVEL = "-O";
				VALIDATE_PRODUCT = YES;
			};
			name = Release;
		};
		AB306C70266256300030428A /* Debug */ = {
			isa = XCBuildConfiguration;
			buildSettings = {
				ASSETCATALOG_COMPILER_APPICON_NAME = AppIcon;
				ASSETCATALOG_COMPILER_GLOBAL_ACCENT_COLOR_NAME = AccentColor;
				CODE_SIGN_STYLE = Automatic;
				DEVELOPMENT_TEAM = 2J3ZYKV8ND;
				INFOPLIST_FILE = TopReddits/SupportingFiles/Info.plist;
				LD_RUNPATH_SEARCH_PATHS = (
					"$(inherited)",
					"@executable_path/Frameworks",
				);
				PRODUCT_BUNDLE_IDENTIFIER = braun.TopReddits;
				PRODUCT_NAME = "$(TARGET_NAME)";
				SWIFT_VERSION = 5.0;
				TARGETED_DEVICE_FAMILY = "1,2";
			};
			name = Debug;
		};
		AB306C71266256300030428A /* Release */ = {
			isa = XCBuildConfiguration;
			buildSettings = {
				ASSETCATALOG_COMPILER_APPICON_NAME = AppIcon;
				ASSETCATALOG_COMPILER_GLOBAL_ACCENT_COLOR_NAME = AccentColor;
				CODE_SIGN_STYLE = Automatic;
				DEVELOPMENT_TEAM = 2J3ZYKV8ND;
				INFOPLIST_FILE = TopReddits/SupportingFiles/Info.plist;
				LD_RUNPATH_SEARCH_PATHS = (
					"$(inherited)",
					"@executable_path/Frameworks",
				);
				PRODUCT_BUNDLE_IDENTIFIER = braun.TopReddits;
				PRODUCT_NAME = "$(TARGET_NAME)";
				SWIFT_VERSION = 5.0;
				TARGETED_DEVICE_FAMILY = "1,2";
			};
			name = Release;
		};
		AB306C73266256300030428A /* Debug */ = {
			isa = XCBuildConfiguration;
			buildSettings = {
				ALWAYS_EMBED_SWIFT_STANDARD_LIBRARIES = YES;
				BUNDLE_LOADER = "$(TEST_HOST)";
				CODE_SIGN_STYLE = Automatic;
				DEVELOPMENT_TEAM = 2J3ZYKV8ND;
				INFOPLIST_FILE = TopRedditsTests/Info.plist;
				IPHONEOS_DEPLOYMENT_TARGET = 14.2;
				LD_RUNPATH_SEARCH_PATHS = (
					"$(inherited)",
					"@executable_path/Frameworks",
					"@loader_path/Frameworks",
				);
				PRODUCT_BUNDLE_IDENTIFIER = braun.TopRedditsTests;
				PRODUCT_NAME = "$(TARGET_NAME)";
				SWIFT_VERSION = 5.0;
				TARGETED_DEVICE_FAMILY = "1,2";
				TEST_HOST = "$(BUILT_PRODUCTS_DIR)/TopReddits.app/TopReddits";
			};
			name = Debug;
		};
		AB306C74266256300030428A /* Release */ = {
			isa = XCBuildConfiguration;
			buildSettings = {
				ALWAYS_EMBED_SWIFT_STANDARD_LIBRARIES = YES;
				BUNDLE_LOADER = "$(TEST_HOST)";
				CODE_SIGN_STYLE = Automatic;
				DEVELOPMENT_TEAM = 2J3ZYKV8ND;
				INFOPLIST_FILE = TopRedditsTests/Info.plist;
				IPHONEOS_DEPLOYMENT_TARGET = 14.2;
				LD_RUNPATH_SEARCH_PATHS = (
					"$(inherited)",
					"@executable_path/Frameworks",
					"@loader_path/Frameworks",
				);
				PRODUCT_BUNDLE_IDENTIFIER = braun.TopRedditsTests;
				PRODUCT_NAME = "$(TARGET_NAME)";
				SWIFT_VERSION = 5.0;
				TARGETED_DEVICE_FAMILY = "1,2";
				TEST_HOST = "$(BUILT_PRODUCTS_DIR)/TopReddits.app/TopReddits";
			};
			name = Release;
		};
		AB306C76266256300030428A /* Debug */ = {
			isa = XCBuildConfiguration;
			buildSettings = {
				ALWAYS_EMBED_SWIFT_STANDARD_LIBRARIES = YES;
				CODE_SIGN_STYLE = Automatic;
				DEVELOPMENT_TEAM = 2J3ZYKV8ND;
				INFOPLIST_FILE = TopRedditsUITests/Info.plist;
				LD_RUNPATH_SEARCH_PATHS = (
					"$(inherited)",
					"@executable_path/Frameworks",
					"@loader_path/Frameworks",
				);
				PRODUCT_BUNDLE_IDENTIFIER = braun.TopRedditsUITests;
				PRODUCT_NAME = "$(TARGET_NAME)";
				SWIFT_VERSION = 5.0;
				TARGETED_DEVICE_FAMILY = "1,2";
				TEST_TARGET_NAME = TopReddits;
			};
			name = Debug;
		};
		AB306C77266256300030428A /* Release */ = {
			isa = XCBuildConfiguration;
			buildSettings = {
				ALWAYS_EMBED_SWIFT_STANDARD_LIBRARIES = YES;
				CODE_SIGN_STYLE = Automatic;
				DEVELOPMENT_TEAM = 2J3ZYKV8ND;
				INFOPLIST_FILE = TopRedditsUITests/Info.plist;
				LD_RUNPATH_SEARCH_PATHS = (
					"$(inherited)",
					"@executable_path/Frameworks",
					"@loader_path/Frameworks",
				);
				PRODUCT_BUNDLE_IDENTIFIER = braun.TopRedditsUITests;
				PRODUCT_NAME = "$(TARGET_NAME)";
				SWIFT_VERSION = 5.0;
				TARGETED_DEVICE_FAMILY = "1,2";
				TEST_TARGET_NAME = TopReddits;
			};
			name = Release;
		};
/* End XCBuildConfiguration section */

/* Begin XCConfigurationList section */
		AB306C402662562D0030428A /* Build configuration list for PBXProject "TopReddits" */ = {
			isa = XCConfigurationList;
			buildConfigurations = (
				AB306C6D266256300030428A /* Debug */,
				AB306C6E266256300030428A /* Release */,
			);
			defaultConfigurationIsVisible = 0;
			defaultConfigurationName = Release;
		};
		AB306C6F266256300030428A /* Build configuration list for PBXNativeTarget "TopReddits" */ = {
			isa = XCConfigurationList;
			buildConfigurations = (
				AB306C70266256300030428A /* Debug */,
				AB306C71266256300030428A /* Release */,
			);
			defaultConfigurationIsVisible = 0;
			defaultConfigurationName = Release;
		};
		AB306C72266256300030428A /* Build configuration list for PBXNativeTarget "TopRedditsTests" */ = {
			isa = XCConfigurationList;
			buildConfigurations = (
				AB306C73266256300030428A /* Debug */,
				AB306C74266256300030428A /* Release */,
			);
			defaultConfigurationIsVisible = 0;
			defaultConfigurationName = Release;
		};
		AB306C75266256300030428A /* Build configuration list for PBXNativeTarget "TopRedditsUITests" */ = {
			isa = XCConfigurationList;
			buildConfigurations = (
				AB306C76266256300030428A /* Debug */,
				AB306C77266256300030428A /* Release */,
			);
			defaultConfigurationIsVisible = 0;
			defaultConfigurationName = Release;
		};
/* End XCConfigurationList section */
	};
	rootObject = AB306C3D2662562D0030428A /* Project object */;
}
